
Microsoft Visual Studio Solution File, Format Version 12.00
# Visual Studio Version 16
VisualStudioVersion = 16.0.31515.178
MinimumVisualStudioVersion = 10.0.40219.1
Project("{9A19103F-16F7-4668-BE54-9A1E7A4F7556}") = "APICadastro.WebAPI", "APICadastro.WebAPI\APICadastro.WebAPI.csproj", "{11C6FB41-0CE9-4843-8D67-AD47B7C26265}"
EndProject
Project("{9A19103F-16F7-4668-BE54-9A1E7A4F7556}") = "WebAPI.Domain", "WebAPI.Domain\WebAPI.Domain.csproj", "{83628F8B-A90C-4886-8DA8-6FCCFB79BA5B}"
EndProject
Project("{9A19103F-16F7-4668-BE54-9A1E7A4F7556}") = "WebAPI.Infra", "WebAPI.Infra\WebAPI.Infra.csproj", "{F5F7D36B-1C9C-4440-8B11-49A700B51033}"
EndProject
Project("{FAE04EC0-301F-11D3-BF4B-00C04F79EFBC}") = "APICadastro.Test", "APICadastro.Test\APICadastro.Test.csproj", "{0B50B97A-B13B-4AA9-9FDD-D08086C98CA7}"
EndProject
Global
	GlobalSection(SolutionConfigurationPlatforms) = preSolution
		Debug|Any CPU = Debug|Any CPU
		Release|Any CPU = Release|Any CPU
	EndGlobalSection
	GlobalSection(ProjectConfigurationPlatforms) = postSolution
		{11C6FB41-0CE9-4843-8D67-AD47B7C26265}.Debug|Any CPU.ActiveCfg = Debug|Any CPU
		{11C6FB41-0CE9-4843-8D67-AD47B7C26265}.Debug|Any CPU.Build.0 = Debug|Any CPU
		{11C6FB41-0CE9-4843-8D67-AD47B7C26265}.Release|Any CPU.ActiveCfg = Release|Any CPU
		{11C6FB41-0CE9-4843-8D67-AD47B7C26265}.Release|Any CPU.Build.0 = Release|Any CPU
		{83628F8B-A90C-4886-8DA8-6FCCFB79BA5B}.Debug|Any CPU.ActiveCfg = Debug|Any CPU
		{83628F8B-A90C-4886-8DA8-6FCCFB79BA5B}.Debug|Any CPU.Build.0 = Debug|Any CPU
		{83628F8B-A90C-4886-8DA8-6FCCFB79BA5B}.Release|Any CPU.ActiveCfg = Release|Any CPU
		{83628F8B-A90C-4886-8DA8-6FCCFB79BA5B}.Release|Any CPU.Build.0 = Release|Any CPU
		{F5F7D36B-1C9C-4440-8B11-49A700B51033}.Debug|Any CPU.ActiveCfg = Debug|Any CPU
		{F5F7D36B-1C9C-4440-8B11-49A700B51033}.Debug|Any CPU.Build.0 = Debug|Any CPU
		{F5F7D36B-1C9C-4440-8B11-49A700B51033}.Release|Any CPU.ActiveCfg = Release|Any CPU
		{F5F7D36B-1C9C-4440-8B11-49A700B51033}.Release|Any CPU.Build.0 = Release|Any CPU
		{0B50B97A-B13B-4AA9-9FDD-D08086C98CA7}.Debug|Any CPU.ActiveCfg = Debug|Any CPU
		{0B50B97A-B13B-4AA9-9FDD-D08086C98CA7}.Debug|Any CPU.Build.0 = Debug|Any CPU
		{0B50B97A-B13B-4AA9-9FDD-D08086C98CA7}.Release|Any CPU.ActiveCfg = Release|Any CPU
		{0B50B97A-B13B-4AA9-9FDD-D08086C98CA7}.Release|Any CPU.Build.0 = Release|Any CPU
	EndGlobalSection
	GlobalSection(SolutionProperties) = preSolution
		HideSolutionNode = FALSE
	EndGlobalSection
	GlobalSection(ExtensibilityGlobals) = postSolution
		SolutionGuid = {801E26D6-B45D-476B-9C90-272222303C4E}
	EndGlobalSection
EndGlobal
